
Microsoft Visual Studio Solution File, Format Version 12.00
# Visual Studio Version 16
VisualStudioVersion = 16.0.29318.209
MinimumVisualStudioVersion = 10.0.40219.1
Project("{FAE04EC0-301F-11D3-BF4B-00C04F79EFBC}") = "PI INGE-BASES", "PI INGE-BASES\PI INGE-BASES.csproj", "{955CB24B-3992-40A0-ADC1-690EE11B0B21}"
EndProject
Global
	GlobalSection(SolutionConfigurationPlatforms) = preSolution
		Debug|Any CPU = Debug|Any CPU
		Release|Any CPU = Release|Any CPU
	EndGlobalSection
	GlobalSection(ProjectConfigurationPlatforms) = postSolution
		{955CB24B-3992-40A0-ADC1-690EE11B0B21}.Debug|Any CPU.ActiveCfg = Debug|Any CPU
		{955CB24B-3992-40A0-ADC1-690EE11B0B21}.Debug|Any CPU.Build.0 = Debug|Any CPU
		{955CB24B-3992-40A0-ADC1-690EE11B0B21}.Release|Any CPU.ActiveCfg = Release|Any CPU
		{955CB24B-3992-40A0-ADC1-690EE11B0B21}.Release|Any CPU.Build.0 = Release|Any CPU
	EndGlobalSection
	GlobalSection(SolutionProperties) = preSolution
		HideSolutionNode = FALSE
	EndGlobalSection
	GlobalSection(ExtensibilityGlobals) = postSolution
		SolutionGuid = {7F7EFA14-F096-4045-82A2-70F9A06CCC6F}
	EndGlobalSection
EndGlobal
